
Microsoft Visual Studio Solution File, Format Version 12.00
# Visual Studio 15
VisualStudioVersion = 15.0.27705.2000
MinimumVisualStudioVersion = 10.0.40219.1
Project("{8BC9CEB8-8B4A-11D0-8D11-00A0C91BC942}") = "Lab1", "Lab1\Lab1.vcxproj", "{219FEE98-61D4-4415-A171-A0412D7E3971}"
EndProject
Project("{8BC9CEB8-8B4A-11D0-8D11-00A0C91BC942}") = "Lab2", "Lab2\Lab2.vcxproj", "{2BEA807D-0609-44D0-BAD5-31884390C645}"
EndProject
Project("{8BC9CEB8-8B4A-11D0-8D11-00A0C91BC942}") = "Lab3", "Lab3\Lab3.vcxproj", "{B129E40D-6D1B-43C4-A7C3-B9E232A081C7}"
EndProject
Project("{8BC9CEB8-8B4A-11D0-8D11-00A0C91BC942}") = "Lab4", "Lab4\Lab4.vcxproj", "{7F728BE0-F88A-4AAA-9A45-AFE5055DFB0F}"
EndProject
Project("{8BC9CEB8-8B4A-11D0-8D11-00A0C91BC942}") = "Lab5", "Lab5\Lab5.vcxproj", "{05F4FFBC-D264-4AD8-98FD-40407400D947}"
EndProject
Project("{8BC9CEB8-8B4A-11D0-8D11-00A0C91BC942}") = "Project1", "Project1\Project1.vcxproj", "{D7A20A06-694E-4D57-9E70-99A1B0266A96}"
EndProject
Project("{8BC9CEB8-8B4A-11D0-8D11-00A0C91BC942}") = "Lab6", "Lab6\Lab6.vcxproj", "{F98A552C-F639-4807-927B-64857FB44FCA}"
EndProject
Project("{8BC9CEB8-8B4A-11D0-8D11-00A0C91BC942}") = "Lab7", "Lab7\Lab7.vcxproj", "{86102C02-8172-402C-BDD9-E0B0E2ED9CB7}"
EndProject
Project("{8BC9CEB8-8B4A-11D0-8D11-00A0C91BC942}") = "Lab8", "Lab8\Lab8.vcxproj", "{9A89D09E-F3C0-4BA8-B9B7-14CCB527DCB6}"
EndProject
Global
	GlobalSection(SolutionConfigurationPlatforms) = preSolution
		Debug|x64 = Debug|x64
		Debug|x86 = Debug|x86
		Release|x64 = Release|x64
		Release|x86 = Release|x86
	EndGlobalSection
	GlobalSection(ProjectConfigurationPlatforms) = postSolution
		{219FEE98-61D4-4415-A171-A0412D7E3971}.Debug|x64.ActiveCfg = Debug|x64
		{219FEE98-61D4-4415-A171-A0412D7E3971}.Debug|x64.Build.0 = Debug|x64
		{219FEE98-61D4-4415-A171-A0412D7E3971}.Debug|x86.ActiveCfg = Debug|Win32
		{219FEE98-61D4-4415-A171-A0412D7E3971}.Debug|x86.Build.0 = Debug|Win32
		{219FEE98-61D4-4415-A171-A0412D7E3971}.Release|x64.ActiveCfg = Release|x64
		{219FEE98-61D4-4415-A171-A0412D7E3971}.Release|x64.Build.0 = Release|x64
		{219FEE98-61D4-4415-A171-A0412D7E3971}.Release|x86.ActiveCfg = Release|Win32
		{219FEE98-61D4-4415-A171-A0412D7E3971}.Release|x86.Build.0 = Release|Win32
		{2BEA807D-0609-44D0-BAD5-31884390C645}.Debug|x64.ActiveCfg = Debug|x64
		{2BEA807D-0609-44D0-BAD5-31884390C645}.Debug|x64.Build.0 = Debug|x64
		{2BEA807D-0609-44D0-BAD5-31884390C645}.Debug|x86.ActiveCfg = Debug|Win32
		{2BEA807D-0609-44D0-BAD5-31884390C645}.Debug|x86.Build.0 = Debug|Win32
		{2BEA807D-0609-44D0-BAD5-31884390C645}.Release|x64.ActiveCfg = Release|x64
		{2BEA807D-0609-44D0-BAD5-31884390C645}.Release|x64.Build.0 = Release|x64
		{2BEA807D-0609-44D0-BAD5-31884390C645}.Release|x86.ActiveCfg = Release|Win32
		{2BEA807D-0609-44D0-BAD5-31884390C645}.Release|x86.Build.0 = Release|Win32
		{B129E40D-6D1B-43C4-A7C3-B9E232A081C7}.Debug|x64.ActiveCfg = Debug|x64
		{B129E40D-6D1B-43C4-A7C3-B9E232A081C7}.Debug|x64.Build.0 = Debug|x64
		{B129E40D-6D1B-43C4-A7C3-B9E232A081C7}.Debug|x86.ActiveCfg = Debug|Win32
		{B129E40D-6D1B-43C4-A7C3-B9E232A081C7}.Debug|x86.Build.0 = Debug|Win32
		{B129E40D-6D1B-43C4-A7C3-B9E232A081C7}.Release|x64.ActiveCfg = Release|x64
		{B129E40D-6D1B-43C4-A7C3-B9E232A081C7}.Release|x64.Build.0 = Release|x64
		{B129E40D-6D1B-43C4-A7C3-B9E232A081C7}.Release|x86.ActiveCfg = Release|Win32
		{B129E40D-6D1B-43C4-A7C3-B9E232A081C7}.Release|x86.Build.0 = Release|Win32
		{7F728BE0-F88A-4AAA-9A45-AFE5055DFB0F}.Debug|x64.ActiveCfg = Debug|x64
		{7F728BE0-F88A-4AAA-9A45-AFE5055DFB0F}.Debug|x64.Build.0 = Debug|x64
		{7F728BE0-F88A-4AAA-9A45-AFE5055DFB0F}.Debug|x86.ActiveCfg = Debug|Win32
		{7F728BE0-F88A-4AAA-9A45-AFE5055DFB0F}.Debug|x86.Build.0 = Debug|Win32
		{7F728BE0-F88A-4AAA-9A45-AFE5055DFB0F}.Release|x64.ActiveCfg = Release|x64
		{7F728BE0-F88A-4AAA-9A45-AFE5055DFB0F}.Release|x64.Build.0 = Release|x64
		{7F728BE0-F88A-4AAA-9A45-AFE5055DFB0F}.Release|x86.ActiveCfg = Release|Win32
		{7F728BE0-F88A-4AAA-9A45-AFE5055DFB0F}.Release|x86.Build.0 = Release|Win32
		{05F4FFBC-D264-4AD8-98FD-40407400D947}.Debug|x64.ActiveCfg = Debug|x64
		{05F4FFBC-D264-4AD8-98FD-40407400D947}.Debug|x64.Build.0 = Debug|x64
		{05F4FFBC-D264-4AD8-98FD-40407400D947}.Debug|x86.ActiveCfg = Debug|Win32
		{05F4FFBC-D264-4AD8-98FD-40407400D947}.Debug|x86.Build.0 = Debug|Win32
		{05F4FFBC-D264-4AD8-98FD-40407400D947}.Release|x64.ActiveCfg = Release|x64
		{05F4FFBC-D264-4AD8-98FD-40407400D947}.Release|x64.Build.0 = Release|x64
		{05F4FFBC-D264-4AD8-98FD-40407400D947}.Release|x86.ActiveCfg = Release|Win32
		{05F4FFBC-D264-4AD8-98FD-40407400D947}.Release|x86.Build.0 = Release|Win32
		{D7A20A06-694E-4D57-9E70-99A1B0266A96}.Debug|x64.ActiveCfg = Debug|x64
		{D7A20A06-694E-4D57-9E70-99A1B0266A96}.Debug|x64.Build.0 = Debug|x64
		{D7A20A06-694E-4D57-9E70-99A1B0266A96}.Debug|x86.ActiveCfg = Debug|Win32
		{D7A20A06-694E-4D57-9E70-99A1B0266A96}.Debug|x86.Build.0 = Debug|Win32
		{D7A20A06-694E-4D57-9E70-99A1B0266A96}.Release|x64.ActiveCfg = Release|x64
		{D7A20A06-694E-4D57-9E70-99A1B0266A96}.Release|x64.Build.0 = Release|x64
		{D7A20A06-694E-4D57-9E70-99A1B0266A96}.Release|x86.ActiveCfg = Release|Win32
		{D7A20A06-694E-4D57-9E70-99A1B0266A96}.Release|x86.Build.0 = Release|Win32
		{F98A552C-F639-4807-927B-64857FB44FCA}.Debug|x64.ActiveCfg = Debug|x64
		{F98A552C-F639-4807-927B-64857FB44FCA}.Debug|x64.Build.0 = Debug|x64
		{F98A552C-F639-4807-927B-64857FB44FCA}.Debug|x86.ActiveCfg = Debug|Win32
		{F98A552C-F639-4807-927B-64857FB44FCA}.Debug|x86.Build.0 = Debug|Win32
		{F98A552C-F639-4807-927B-64857FB44FCA}.Release|x64.ActiveCfg = Release|x64
		{F98A552C-F639-4807-927B-64857FB44FCA}.Release|x64.Build.0 = Release|x64
		{F98A552C-F639-4807-927B-64857FB44FCA}.Release|x86.ActiveCfg = Release|Win32
		{F98A552C-F639-4807-927B-64857FB44FCA}.Release|x86.Build.0 = Release|Win32
		{86102C02-8172-402C-BDD9-E0B0E2ED9CB7}.Debug|x64.ActiveCfg = Debug|x64
		{86102C02-8172-402C-BDD9-E0B0E2ED9CB7}.Debug|x64.Build.0 = Debug|x64
		{86102C02-8172-402C-BDD9-E0B0E2ED9CB7}.Debug|x86.ActiveCfg = Debug|Win32
		{86102C02-8172-402C-BDD9-E0B0E2ED9CB7}.Debug|x86.Build.0 = Debug|Win32
		{86102C02-8172-402C-BDD9-E0B0E2ED9CB7}.Release|x64.ActiveCfg = Release|x64
		{86102C02-8172-402C-BDD9-E0B0E2ED9CB7}.Release|x64.Build.0 = Release|x64
		{86102C02-8172-402C-BDD9-E0B0E2ED9CB7}.Release|x86.ActiveCfg = Release|Win32
		{86102C02-8172-402C-BDD9-E0B0E2ED9CB7}.Release|x86.Build.0 = Release|Win32
		{9A89D09E-F3C0-4BA8-B9B7-14CCB527DCB6}.Debug|x64.ActiveCfg = Debug|x64
		{9A89D09E-F3C0-4BA8-B9B7-14CCB527DCB6}.Debug|x64.Build.0 = Debug|x64
		{9A89D09E-F3C0-4BA8-B9B7-14CCB527DCB6}.Debug|x86.ActiveCfg = Debug|Win32
		{9A89D09E-F3C0-4BA8-B9B7-14CCB527DCB6}.Debug|x86.Build.0 = Debug|Win32
		{9A89D09E-F3C0-4BA8-B9B7-14CCB527DCB6}.Release|x64.ActiveCfg = Release|x64
		{9A89D09E-F3C0-4BA8-B9B7-14CCB527DCB6}.Release|x64.Build.0 = Release|x64
		{9A89D09E-F3C0-4BA8-B9B7-14CCB527DCB6}.Release|x86.ActiveCfg = Release|Win32
		{9A89D09E-F3C0-4BA8-B9B7-14CCB527DCB6}.Release|x86.Build.0 = Release|Win32
	EndGlobalSection
	GlobalSection(SolutionProperties) = preSolution
		HideSolutionNode = FALSE
	EndGlobalSection
	GlobalSection(ExtensibilityGlobals) = postSolution
		SolutionGuid = {2A0AD62E-9D5E-43E1-BFC7-01109BCF477A}
	EndGlobalSection
EndGlobal
