
Microsoft Visual Studio Solution File, Format Version 12.00
# Visual Studio 15
VisualStudioVersion = 15.0.27705.2000
MinimumVisualStudioVersion = 10.0.40219.1
Project("{8BC9CEB8-8B4A-11D0-8D11-00A0C91BC942}") = "Lab1", "Lab1\Lab1.vcxproj", "{219FEE98-61D4-4415-A171-A0412D7E3971}"
EndProject
Project("{8BC9CEB8-8B4A-11D0-8D11-00A0C91BC942}") = "Lab2", "Lab2\Lab2.vcxproj", "{2BEA807D-0609-44D0-BAD5-31884390C645}"
EndProject
Global
	GlobalSection(SolutionConfigurationPlatforms) = preSolution
		Debug|x64 = Debug|x64
		Debug|x86 = Debug|x86
		Release|x64 = Release|x64
		Release|x86 = Release|x86
	EndGlobalSection
	GlobalSection(ProjectConfigurationPlatforms) = postSolution
		{219FEE98-61D4-4415-A171-A0412D7E3971}.Debug|x64.ActiveCfg = Debug|x64
		{219FEE98-61D4-4415-A171-A0412D7E3971}.Debug|x64.Build.0 = Debug|x64
		{219FEE98-61D4-4415-A171-A0412D7E3971}.Debug|x86.ActiveCfg = Debug|Win32
		{219FEE98-61D4-4415-A171-A0412D7E3971}.Debug|x86.Build.0 = Debug|Win32
		{219FEE98-61D4-4415-A171-A0412D7E3971}.Release|x64.ActiveCfg = Release|x64
		{219FEE98-61D4-4415-A171-A0412D7E3971}.Release|x64.Build.0 = Release|x64
		{219FEE98-61D4-4415-A171-A0412D7E3971}.Release|x86.ActiveCfg = Release|Win32
		{219FEE98-61D4-4415-A171-A0412D7E3971}.Release|x86.Build.0 = Release|Win32
		{2BEA807D-0609-44D0-BAD5-31884390C645}.Debug|x64.ActiveCfg = Debug|x64
		{2BEA807D-0609-44D0-BAD5-31884390C645}.Debug|x64.Build.0 = Debug|x64
		{2BEA807D-0609-44D0-BAD5-31884390C645}.Debug|x86.ActiveCfg = Debug|Win32
		{2BEA807D-0609-44D0-BAD5-31884390C645}.Debug|x86.Build.0 = Debug|Win32
		{2BEA807D-0609-44D0-BAD5-31884390C645}.Release|x64.ActiveCfg = Release|x64
		{2BEA807D-0609-44D0-BAD5-31884390C645}.Release|x64.Build.0 = Release|x64
		{2BEA807D-0609-44D0-BAD5-31884390C645}.Release|x86.ActiveCfg = Release|Win32
		{2BEA807D-0609-44D0-BAD5-31884390C645}.Release|x86.Build.0 = Release|Win32
	EndGlobalSection
	GlobalSection(SolutionProperties) = preSolution
		HideSolutionNode = FALSE
	EndGlobalSection
	GlobalSection(ExtensibilityGlobals) = postSolution
		SolutionGuid = {2A0AD62E-9D5E-43E1-BFC7-01109BCF477A}
	EndGlobalSection
EndGlobal
